
Microsoft Visual Studio Solution File, Format Version 12.00
# Visual Studio Version 17
VisualStudioVersion = 17.14.36202.13 d17.14
MinimumVisualStudioVersion = 10.0.40219.1
Project("{FAE04EC0-301F-11D3-BF4B-00C04F79EFBC}") = "MyDotnetProject", "MyDotnetProject.csproj", "{28BC1353-2D39-40BA-92BB-83EEE740EB29}"
EndProject
Global
	GlobalSection(SolutionConfigurationPlatforms) = preSolution
		Debug|Any CPU = Debug|Any CPU
		Release|Any CPU = Release|Any CPU
	EndGlobalSection
	GlobalSection(ProjectConfigurationPlatforms) = postSolution
		{28BC1353-2D39-40BA-92BB-83EEE740EB29}.Debug|Any CPU.ActiveCfg = Debug|Any CPU
		{28BC1353-2D39-40BA-92BB-83EEE740EB29}.Debug|Any CPU.Build.0 = Debug|Any CPU
		{28BC1353-2D39-40BA-92BB-83EEE740EB29}.Release|Any CPU.ActiveCfg = Release|Any CPU
		{28BC1353-2D39-40BA-92BB-83EEE740EB29}.Release|Any CPU.Build.0 = Release|Any CPU
	EndGlobalSection
	GlobalSection(SolutionProperties) = preSolution
		HideSolutionNode = FALSE
	EndGlobalSection
	GlobalSection(ExtensibilityGlobals) = postSolution
		SolutionGuid = {4B8FBB9A-06A8-4574-A7CD-988B1DF0D00E}
	EndGlobalSection
EndGlobal
